# This file is autogenerated, do not edit; changes may be undone by the next 'dep ensure'.


[[projects]]
  branch = "master"
  digest = "1:05fd41a9198fcb4bd1742c33bdadf9f6c42025658ea6ba115500ecdaa4276d91"
  name = "github.com/aphistic/gomol"
  packages = ["."]
  pruneopts = "UT"
  revision = "9e5411a7a19b0744e84df152d0740431d225093a"

[[projects]]
  branch = "master"
  digest = "1:eea9f26c2576067856cb86eef557a300499246ae6145f77ed404138b331049a3"
  name = "github.com/aphistic/gomol-console"
  packages = ["."]
  pruneopts = "UT"
  revision = "9fa1742697a8bf85e5de5680b861ebfaa5cb4c1f"

[[projects]]
  branch = "master"
  digest = "1:69800e1753d98186daee9730282637aae3e5ef5d94ca33f23176dad401e79408"
  name = "github.com/bradhe/stopwatch"
  packages = ["."]
  pruneopts = "UT"
  revision = "fd55e776a960ff999fa1dc7f2a64e0a82d8b1f07"

[[projects]]
  digest = "1:bb2130e54ac8ea3ff78312ca365ce3b8a23423ed362530551bdceaccfa4d8e77"
  name = "github.com/dgrijalva/jwt-go"
  packages = [
    ".",
    "request",
  ]
  pruneopts = "UT"
  revision = "06ea1031745cb8b3dab3f6a236daf2b0aa468b7e"
  version = "v3.2.0"

[[projects]]
  branch = "master"
  digest = "1:13f4af39b7ac552a5deb5f10f39a6a160d833ef2a21afe69a03ba58aa229245f"
  name = "github.com/efritz/backoff"
  packages = ["."]
  pruneopts = "UT"
  revision = "0ae7996d5d12996a45b0bc675f382f303d06c09e"

[[projects]]
  branch = "master"
  digest = "1:97e3c5e0a746f55cbb7ab4604a00e7da3808c7d8d1402a08f8ae3391995c5f55"
  name = "github.com/efritz/bussard"
  packages = ["."]
  pruneopts = "UT"
  revision = "e04808fc72193d9f4c472ac922aa3a33ad3b2631"

[[projects]]
  branch = "master"
  digest = "1:d1383413aa9220ff617b6642741e51df050edff6dbc2fcb3eef043e9b5b831a7"
  name = "github.com/efritz/chevron"
  packages = [
    ".",
    "middleware",
  ]
  pruneopts = "UT"
  revision = "1607c6d61f4a913b5f9b24f2cc4a83b1dc6a7048"

[[projects]]
  branch = "master"
  digest = "1:53453c2d4a60893a7652c9d715711202237a084c29b26c9553d0e3d1bb86bf91"
  name = "github.com/efritz/deepjoy"
  packages = ["."]
  pruneopts = "UT"
  revision = "4a885d1356f8fce576fd4df0a3b3e05324eea460"

[[projects]]
  branch = "master"
  digest = "1:152a2e9d747c11e78891a194245285ea3bfb9f6f96d406eeec8f3f1610648ca4"
  name = "github.com/efritz/gache"
  packages = ["."]
  pruneopts = "UT"
  revision = "dd47849c7dc31e7e69d220cca2c891a8b16c3206"

[[projects]]
  branch = "master"
  digest = "1:50cdafeb2d04427edea08ecd572ba104bd2d76f71c901be52af2f8f9a8308a36"
  name = "github.com/efritz/glock"
  packages = ["."]
  pruneopts = "UT"
  revision = "7e95e8b27a617359b20df661e9da0c4cbdfe081a"

[[projects]]
  branch = "master"
  digest = "1:219a43f76a28778210212cec5e7c1d5672e9b1c95e82916504a3ceefcc2571fb"
  name = "github.com/efritz/nacelle"
  packages = [
    ".",
    "base/http",
    "config",
    "config/tag",
    "logging",
    "process",
    "service",
  ]
  pruneopts = "UT"
  revision = "45ae835dd04b02119d0ee09712a152b05b70f582"

[[projects]]
  branch = "master"
  digest = "1:10ec0de67df959e6fb217631617bd47814d5ba3687c38bd4be4917ff266436b1"
  name = "github.com/efritz/overcurrent"
  packages = ["."]
  pruneopts = "UT"
  revision = "c4abdcffd8c055feb3d7cba8e8adfbf48b2f2e46"

[[projects]]
  branch = "master"
  digest = "1:5392669b1770c778bf7f1f2ed0bd32ea6c85c615292a37beb65a593f3a42d7e2"
  name = "github.com/efritz/response"
  packages = ["."]
  pruneopts = "UT"
  revision = "6e034bf5a1dbe0ea4c2496d98c50a8e4dc840211"

[[projects]]
  branch = "master"
  digest = "1:b32b1c83db938ac4edaf841ee79c5f946773461b4bb92da9904abffe5a0490c2"
  name = "github.com/efritz/watchdog"
  packages = ["."]
  pruneopts = "UT"
  revision = "de3f33584f48247c654192a8238560f45c477221"

[[projects]]
  digest = "1:060e2ff7ee3e51b4a0fadf46308033bfe3b8030af6a8078ec26916e2e9b2fdc3"
  name = "github.com/fatih/structtag"
  packages = ["."]
  pruneopts = "UT"
  revision = "76ae1d6d2117609598c7d4e8f3e938145f204e8f"
  version = "v1.0.0"

[[projects]]
  digest = "1:0594af97b2f4cec6554086eeace6597e20a4b69466eb4ada25adf9f4300dddd2"
  name = "github.com/garyburd/redigo"
  packages = [
    "internal",
    "redis",
  ]
  pruneopts = "UT"
  revision = "a69d19351219b6dd56f274f96d85a7014a2ec34e"
  version = "v1.6.0"

[[projects]]
  digest = "1:2cd7915ab26ede7d95b8749e6b1f933f1c6d5398030684e6505940a10f31cfda"
  name = "github.com/ghodss/yaml"
  packages = ["."]
  pruneopts = "UT"
  revision = "0ca9ea5df5451ffdf184b4428c902747c2c11cd7"
  version = "v1.0.0"

[[projects]]
  digest = "1:38ec74012390146c45af1f92d46e5382b50531247929ff3a685d2b2be65155ac"
  name = "github.com/gomodule/redigo"
  packages = [
    "internal",
    "redis",
  ]
  pruneopts = "UT"
  revision = "9c11da706d9b7902c6da69c592f75637793fe121"
  version = "v2.0.0"

[[projects]]
  digest = "1:3a26588bc48b96825977c1b3df964f8fd842cd6860cc26370588d3563433cf11"
  name = "github.com/google/uuid"
  packages = ["."]
  pruneopts = "UT"
  revision = "d460ce9f8df2e77fb1ba55ca87fafed96c607494"
  version = "v1.0.0"

[[projects]]
  digest = "1:c79fb010be38a59d657c48c6ba1d003a8aa651fa56b579d959d74573b7dff8e1"
  name = "github.com/gorilla/context"
  packages = ["."]
  pruneopts = "UT"
  revision = "08b5f424b9271eedf6f9f0ce86cb9396ed337a42"
  version = "v1.1.1"

[[projects]]
  digest = "1:e73f5b0152105f18bc131fba127d9949305c8693f8a762588a82a48f61756f5f"
  name = "github.com/gorilla/mux"
  packages = ["."]
  pruneopts = "UT"
  revision = "e3702bed27f0d39777b0b37b664b6280e8ef8fbf"
  version = "v1.6.2"

[[projects]]
  digest = "1:c658e84ad3916da105a761660dcaeb01e63416c8ec7bc62256a9b411a05fcd67"
  name = "github.com/mattn/go-colorable"
  packages = ["."]
  pruneopts = "UT"
  revision = "167de6bfdfba052fa6b2d3664c8f5272e23c9072"
  version = "v0.0.9"

[[projects]]
  digest = "1:0981502f9816113c9c8c4ac301583841855c8cf4da8c72f696b3ebedf6d0e4e5"
  name = "github.com/mattn/go-isatty"
  packages = ["."]
  pruneopts = "UT"
  revision = "6ca4dbf54d38eea1a992b3c722a76a5d1c4cb25c"
  version = "v0.0.4"

[[projects]]
  branch = "master"
  digest = "1:2b32af4d2a529083275afc192d1067d8126b578c7a9613b26600e4df9c735155"
  name = "github.com/mgutz/ansi"
  packages = ["."]
  pruneopts = "UT"
  revision = "9520e82c474b0a04dd04f8a40959027271bab992"

[[projects]]
  digest = "1:919bb3aa6d9d0b67648c219fa4925312bc3c2872da19e818fa769e9c97a2b643"
  name = "github.com/spaolacci/murmur3"
  packages = ["."]
  pruneopts = "UT"
  revision = "9f5d223c60793748f04a9d5b4b4eacddfc1f755d"
  version = "v1.1"

[[projects]]
  branch = "master"
  digest = "1:0c088044c1c1ee83e723692442df4fec9b3f2e57f7a99773485c97adfbc31695"
  name = "github.com/streadway/amqp"
  packages = ["."]
  pruneopts = "UT"
  revision = "70e15c650864f4fc47f5d3c82ea117285480895d"

[[projects]]
  branch = "master"
  digest = "1:f4e5276a3b356f4692107047fd2890f2fe534f4feeb6b1fd2f6dfbd87f1ccf54"
  name = "github.com/xeipuuv/gojsonpointer"
  packages = ["."]
  pruneopts = "UT"
  revision = "4e3ac2762d5f479393488629ee9370b50873b3a6"

[[projects]]
  branch = "master"
  digest = "1:dc6a6c28ca45d38cfce9f7cb61681ee38c5b99ec1425339bfc1e1a7ba769c807"
  name = "github.com/xeipuuv/gojsonreference"
  packages = ["."]
  pruneopts = "UT"
  revision = "bd5ef7bd5415a7ac448318e64f11a24cd21e594b"

[[projects]]
  branch = "master"
  digest = "1:41bd4de0a27c0b7affef4083bc8f86501b4c7d891f95809a0fb758a23eb5e78f"
  name = "github.com/xeipuuv/gojsonschema"
  packages = ["."]
  pruneopts = "UT"
  revision = "da425ebb7609ba06a0f395fc8a254d1c303364a0"

[[projects]]
  branch = "master"
  digest = "1:a3e01ee03246312c2e186cc4dde0d639e2c269f430042a57cc1c795ae9902016"
  name = "golang.org/x/sys"
  packages = ["unix"]
  pruneopts = "UT"
  revision = "8cf3aee429924738c56c34bb819c4ea8273fc434"

[[projects]]
  digest = "1:342378ac4dcb378a5448dd723f0784ae519383532f5e70ade24132c4c8693202"
  name = "gopkg.in/yaml.v2"
  packages = ["."]
  pruneopts = "UT"
  revision = "5420a8b6744d3b0345ab293f6fcba19c978f1183"
  version = "v2.2.1"

[solve-meta]
  analyzer-name = "dep"
  analyzer-version = 1
  input-imports = [
    "github.com/efritz/chevron",
    "github.com/efritz/chevron/middleware",
    "github.com/efritz/nacelle",
    "github.com/efritz/nacelle/base/http",
    "github.com/efritz/response",
    "github.com/streadway/amqp",
  ]
  solver-name = "gps-cdcl"
  solver-version = 1
